
Microsoft Visual Studio Solution File, Format Version 12.00
# Visual Studio Version 17
VisualStudioVersion = 17.4.33403.182
MinimumVisualStudioVersion = 10.0.40219.1
Project("{FAE04EC0-301F-11D3-BF4B-00C04F79EFBC}") = "BDS.Task.4", "BDS.Task.4\BDS.Task.4.csproj", "{0F24CBF2-353F-4008-8A00-06B804CEBE44}"
EndProject
Global
	GlobalSection(SolutionConfigurationPlatforms) = preSolution
		Debug|Any CPU = Debug|Any CPU
		Release|Any CPU = Release|Any CPU
	EndGlobalSection
	GlobalSection(ProjectConfigurationPlatforms) = postSolution
		{0F24CBF2-353F-4008-8A00-06B804CEBE44}.Debug|Any CPU.ActiveCfg = Debug|Any CPU
		{0F24CBF2-353F-4008-8A00-06B804CEBE44}.Debug|Any CPU.Build.0 = Debug|Any CPU
		{0F24CBF2-353F-4008-8A00-06B804CEBE44}.Release|Any CPU.ActiveCfg = Release|Any CPU
		{0F24CBF2-353F-4008-8A00-06B804CEBE44}.Release|Any CPU.Build.0 = Release|Any CPU
	EndGlobalSection
	GlobalSection(SolutionProperties) = preSolution
		HideSolutionNode = FALSE
	EndGlobalSection
	GlobalSection(ExtensibilityGlobals) = postSolution
		SolutionGuid = {80BD6607-D54B-49C3-B9FA-02D6E52E5E12}
	EndGlobalSection
EndGlobal
